// !$*UTF8*$!
{
	archiveVersion = 1;
	classes = {
	};
	objectVersion = 46;
	objects = {

/* Begin PBXBuildFile section */
		CF5F2C9A19EFFA5D001E9B8E /* NoteCellTableViewCell.m in Sources */ = {isa = PBXBuildFile; fileRef = CF5F2C9919EFFA5D001E9B8E /* NoteCellTableViewCell.m */; };
		CFAE4E4A19ED5F2B00AB9735 /* Foundation.framework in Frameworks */ = {isa = PBXBuildFile; fileRef = CFAE4E4919ED5F2B00AB9735 /* Foundation.framework */; };
		CFAE4E4C19ED5F2B00AB9735 /* CoreGraphics.framework in Frameworks */ = {isa = PBXBuildFile; fileRef = CFAE4E4B19ED5F2B00AB9735 /* CoreGraphics.framework */; };
		CFAE4E4E19ED5F2B00AB9735 /* UIKit.framework in Frameworks */ = {isa = PBXBuildFile; fileRef = CFAE4E4D19ED5F2B00AB9735 /* UIKit.framework */; };
		CFAE4E5419ED5F2B00AB9735 /* InfoPlist.strings in Resources */ = {isa = PBXBuildFile; fileRef = CFAE4E5219ED5F2B00AB9735 /* InfoPlist.strings */; };
		CFAE4E5619ED5F2B00AB9735 /* main.m in Sources */ = {isa = PBXBuildFile; fileRef = CFAE4E5519ED5F2B00AB9735 /* main.m */; };
		CFAE4E5A19ED5F2B00AB9735 /* AppDelegate.m in Sources */ = {isa = PBXBuildFile; fileRef = CFAE4E5919ED5F2B00AB9735 /* AppDelegate.m */; };
		CFAE4E5C19ED5F2B00AB9735 /* Images.xcassets in Resources */ = {isa = PBXBuildFile; fileRef = CFAE4E5B19ED5F2B00AB9735 /* Images.xcassets */; };
		CFAE4E6319ED5F2B00AB9735 /* XCTest.framework in Frameworks */ = {isa = PBXBuildFile; fileRef = CFAE4E6219ED5F2B00AB9735 /* XCTest.framework */; };
		CFAE4E6419ED5F2B00AB9735 /* Foundation.framework in Frameworks */ = {isa = PBXBuildFile; fileRef = CFAE4E4919ED5F2B00AB9735 /* Foundation.framework */; };
		CFAE4E6519ED5F2B00AB9735 /* UIKit.framework in Frameworks */ = {isa = PBXBuildFile; fileRef = CFAE4E4D19ED5F2B00AB9735 /* UIKit.framework */; };
		CFAE4E8119ED605300AB9735 /* Note.m in Sources */ = {isa = PBXBuildFile; fileRef = CFAE4E8019ED605300AB9735 /* Note.m */; };
		CFAE4E8419ED606700AB9735 /* NoteDAO.m in Sources */ = {isa = PBXBuildFile; fileRef = CFAE4E8319ED606700AB9735 /* NoteDAO.m */; };
		CFAE4E8619ED683100AB9735 /* MainStoryboard_IPhone.storyboard in Resources */ = {isa = PBXBuildFile; fileRef = CFAE4E8519ED683100AB9735 /* MainStoryboard_IPhone.storyboard */; };
		CFAE4E8919ED6ECF00AB9735 /* MasterViewController.m in Sources */ = {isa = PBXBuildFile; fileRef = CFAE4E8819ED6ECF00AB9735 /* MasterViewController.m */; };
		CFAE4E8C19ED707E00AB9735 /* AddViewController.m in Sources */ = {isa = PBXBuildFile; fileRef = CFAE4E8B19ED707E00AB9735 /* AddViewController.m */; };
		CFAE4E8F19ED70BD00AB9735 /* DetailViewController.m in Sources */ = {isa = PBXBuildFile; fileRef = CFAE4E8E19ED70BD00AB9735 /* DetailViewController.m */; };
		CFAE4E9219ED829A00AB9735 /* NoteBL.m in Sources */ = {isa = PBXBuildFile; fileRef = CFAE4E9119ED829A00AB9735 /* NoteBL.m */; };
		CFD9F92319F00DFD0090F3DA /* statusinfo.plist in Resources */ = {isa = PBXBuildFile; fileRef = CFD9F91B19F00DFD0090F3DA /* statusinfo.plist */; };
		CFD9F92419F00DFD0090F3DA /* touxiang1.png in Resources */ = {isa = PBXBuildFile; fileRef = CFD9F91C19F00DFD0090F3DA /* touxiang1.png */; };
		CFD9F92519F00DFD0090F3DA /* touxiang2.png in Resources */ = {isa = PBXBuildFile; fileRef = CFD9F91D19F00DFD0090F3DA /* touxiang2.png */; };
		CFD9F92619F00DFD0090F3DA /* touxiang3.png in Resources */ = {isa = PBXBuildFile; fileRef = CFD9F91E19F00DFD0090F3DA /* touxiang3.png */; };
		CFD9F92719F00DFD0090F3DA /* touxiang4.png in Resources */ = {isa = PBXBuildFile; fileRef = CFD9F91F19F00DFD0090F3DA /* touxiang4.png */; };
		CFD9F92819F00DFD0090F3DA /* touxiang5.png in Resources */ = {isa = PBXBuildFile; fileRef = CFD9F92019F00DFD0090F3DA /* touxiang5.png */; };
		CFD9F92919F00DFD0090F3DA /* vip.png in Resources */ = {isa = PBXBuildFile; fileRef = CFD9F92119F00DFD0090F3DA /* vip.png */; };
		CFD9F92A19F00DFD0090F3DA /* vip1.png in Resources */ = {isa = PBXBuildFile; fileRef = CFD9F92219F00DFD0090F3DA /* vip1.png */; };
/* End PBXBuildFile section */

/* Begin PBXContainerItemProxy section */
		CFAE4E6619ED5F2B00AB9735 /* PBXContainerItemProxy */ = {
			isa = PBXContainerItemProxy;
			containerPortal = CFAE4E3E19ED5F2B00AB9735 /* Project object */;
			proxyType = 1;
			remoteGlobalIDString = CFAE4E4519ED5F2B00AB9735;
			remoteInfo = NoteBook;
		};
/* End PBXContainerItemProxy section */

/* Begin PBXFileReference section */
		CF5F2C9819EFFA5D001E9B8E /* NoteCellTableViewCell.h */ = {isa = PBXFileReference; fileEncoding = 4; lastKnownFileType = sourcecode.c.h; path = NoteCellTableViewCell.h; sourceTree = "<group>"; };
		CF5F2C9919EFFA5D001E9B8E /* NoteCellTableViewCell.m */ = {isa = PBXFileReference; fileEncoding = 4; lastKnownFileType = sourcecode.c.objc; path = NoteCellTableViewCell.m; sourceTree = "<group>"; };
		CFAE4E4619ED5F2B00AB9735 /* NoteBook.app */ = {isa = PBXFileReference; explicitFileType = wrapper.application; includeInIndex = 0; path = NoteBook.app; sourceTree = BUILT_PRODUCTS_DIR; };
		CFAE4E4919ED5F2B00AB9735 /* Foundation.framework */ = {isa = PBXFileReference; lastKnownFileType = wrapper.framework; name = Foundation.framework; path = System/Library/Frameworks/Foundation.framework; sourceTree = SDKROOT; };
		CFAE4E4B19ED5F2B00AB9735 /* CoreGraphics.framework */ = {isa = PBXFileReference; lastKnownFileType = wrapper.framework; name = CoreGraphics.framework; path = System/Library/Frameworks/CoreGraphics.framework; sourceTree = SDKROOT; };
		CFAE4E4D19ED5F2B00AB9735 /* UIKit.framework */ = {isa = PBXFileReference; lastKnownFileType = wrapper.framework; name = UIKit.framework; path = System/Library/Frameworks/UIKit.framework; sourceTree = SDKROOT; };
		CFAE4E5119ED5F2B00AB9735 /* NoteBook-Info.plist */ = {isa = PBXFileReference; lastKnownFileType = text.plist.xml; path = "NoteBook-Info.plist"; sourceTree = "<group>"; };
		CFAE4E5319ED5F2B00AB9735 /* en */ = {isa = PBXFileReference; lastKnownFileType = text.plist.strings; name = en; path = en.lproj/InfoPlist.strings; sourceTree = "<group>"; };
		CFAE4E5519ED5F2B00AB9735 /* main.m */ = {isa = PBXFileReference; lastKnownFileType = sourcecode.c.objc; path = main.m; sourceTree = "<group>"; };
		CFAE4E5719ED5F2B00AB9735 /* NoteBook-Prefix.pch */ = {isa = PBXFileReference; lastKnownFileType = sourcecode.c.h; path = "NoteBook-Prefix.pch"; sourceTree = "<group>"; };
		CFAE4E5819ED5F2B00AB9735 /* AppDelegate.h */ = {isa = PBXFileReference; lastKnownFileType = sourcecode.c.h; path = AppDelegate.h; sourceTree = "<group>"; };
		CFAE4E5919ED5F2B00AB9735 /* AppDelegate.m */ = {isa = PBXFileReference; lastKnownFileType = sourcecode.c.objc; path = AppDelegate.m; sourceTree = "<group>"; };
		CFAE4E5B19ED5F2B00AB9735 /* Images.xcassets */ = {isa = PBXFileReference; lastKnownFileType = folder.assetcatalog; path = Images.xcassets; sourceTree = "<group>"; };
		CFAE4E6119ED5F2B00AB9735 /* NoteBookTests.xctest */ = {isa = PBXFileReference; explicitFileType = wrapper.cfbundle; includeInIndex = 0; path = NoteBookTests.xctest; sourceTree = BUILT_PRODUCTS_DIR; };
		CFAE4E6219ED5F2B00AB9735 /* XCTest.framework */ = {isa = PBXFileReference; lastKnownFileType = wrapper.framework; name = XCTest.framework; path = Library/Frameworks/XCTest.framework; sourceTree = DEVELOPER_DIR; };
		CFAE4E7F19ED605300AB9735 /* Note.h */ = {isa = PBXFileReference; fileEncoding = 4; lastKnownFileType = sourcecode.c.h; path = Note.h; sourceTree = "<group>"; };
		CFAE4E8019ED605300AB9735 /* Note.m */ = {isa = PBXFileReference; fileEncoding = 4; lastKnownFileType = sourcecode.c.objc; path = Note.m; sourceTree = "<group>"; };
		CFAE4E8219ED606700AB9735 /* NoteDAO.h */ = {isa = PBXFileReference; fileEncoding = 4; lastKnownFileType = sourcecode.c.h; path = NoteDAO.h; sourceTree = "<group>"; };
		CFAE4E8319ED606700AB9735 /* NoteDAO.m */ = {isa = PBXFileReference; fileEncoding = 4; lastKnownFileType = sourcecode.c.objc; path = NoteDAO.m; sourceTree = "<group>"; };
		CFAE4E8519ED683100AB9735 /* MainStoryboard_IPhone.storyboard */ = {isa = PBXFileReference; fileEncoding = 4; lastKnownFileType = file.storyboard; path = MainStoryboard_IPhone.storyboard; sourceTree = "<group>"; };
		CFAE4E8719ED6ECF00AB9735 /* MasterViewController.h */ = {isa = PBXFileReference; fileEncoding = 4; lastKnownFileType = sourcecode.c.h; path = MasterViewController.h; sourceTree = "<group>"; };
		CFAE4E8819ED6ECF00AB9735 /* MasterViewController.m */ = {isa = PBXFileReference; fileEncoding = 4; lastKnownFileType = sourcecode.c.objc; path = MasterViewController.m; sourceTree = "<group>"; };
		CFAE4E8A19ED707E00AB9735 /* AddViewController.h */ = {isa = PBXFileReference; fileEncoding = 4; lastKnownFileType = sourcecode.c.h; path = AddViewController.h; sourceTree = "<group>"; };
		CFAE4E8B19ED707E00AB9735 /* AddViewController.m */ = {isa = PBXFileReference; fileEncoding = 4; lastKnownFileType = sourcecode.c.objc; path = AddViewController.m; sourceTree = "<group>"; };
		CFAE4E8D19ED70BD00AB9735 /* DetailViewController.h */ = {isa = PBXFileReference; fileEncoding = 4; lastKnownFileType = sourcecode.c.h; path = DetailViewController.h; sourceTree = "<group>"; };
		CFAE4E8E19ED70BD00AB9735 /* DetailViewController.m */ = {isa = PBXFileReference; fileEncoding = 4; lastKnownFileType = sourcecode.c.objc; path = DetailViewController.m; sourceTree = "<group>"; };
		CFAE4E9019ED829A00AB9735 /* NoteBL.h */ = {isa = PBXFileReference; fileEncoding = 4; lastKnownFileType = sourcecode.c.h; path = NoteBL.h; sourceTree = "<group>"; };
		CFAE4E9119ED829A00AB9735 /* NoteBL.m */ = {isa = PBXFileReference; fileEncoding = 4; lastKnownFileType = sourcecode.c.objc; path = NoteBL.m; sourceTree = "<group>"; };
		CFD9F91B19F00DFD0090F3DA /* statusinfo.plist */ = {isa = PBXFileReference; fileEncoding = 4; lastKnownFileType = text.plist.xml; path = statusinfo.plist; sourceTree = "<group>"; };
		CFD9F91C19F00DFD0090F3DA /* touxiang1.png */ = {isa = PBXFileReference; lastKnownFileType = image.png; path = touxiang1.png; sourceTree = "<group>"; };
		CFD9F91D19F00DFD0090F3DA /* touxiang2.png */ = {isa = PBXFileReference; lastKnownFileType = image.png; path = touxiang2.png; sourceTree = "<group>"; };
		CFD9F91E19F00DFD0090F3DA /* touxiang3.png */ = {isa = PBXFileReference; lastKnownFileType = image.png; path = touxiang3.png; sourceTree = "<group>"; };
		CFD9F91F19F00DFD0090F3DA /* touxiang4.png */ = {isa = PBXFileReference; lastKnownFileType = image.png; path = touxiang4.png; sourceTree = "<group>"; };
		CFD9F92019F00DFD0090F3DA /* touxiang5.png */ = {isa = PBXFileReference; lastKnownFileType = image.png; path = touxiang5.png; sourceTree = "<group>"; };
		CFD9F92119F00DFD0090F3DA /* vip.png */ = {isa = PBXFileReference; lastKnownFileType = image.png; path = vip.png; sourceTree = "<group>"; };
		CFD9F92219F00DFD0090F3DA /* vip1.png */ = {isa = PBXFileReference; lastKnownFileType = image.png; path = vip1.png; sourceTree = "<group>"; };
/* End PBXFileReference section */

/* Begin PBXFrameworksBuildPhase section */
		CFAE4E4319ED5F2B00AB9735 /* Frameworks */ = {
			isa = PBXFrameworksBuildPhase;
			buildActionMask = 2147483647;
			files = (
				CFAE4E4C19ED5F2B00AB9735 /* CoreGraphics.framework in Frameworks */,
				CFAE4E4E19ED5F2B00AB9735 /* UIKit.framework in Frameworks */,
				CFAE4E4A19ED5F2B00AB9735 /* Foundation.framework in Frameworks */,
			);
			runOnlyForDeploymentPostprocessing = 0;
		};
		CFAE4E5E19ED5F2B00AB9735 /* Frameworks */ = {
			isa = PBXFrameworksBuildPhase;
			buildActionMask = 2147483647;
			files = (
				CFAE4E6319ED5F2B00AB9735 /* XCTest.framework in Frameworks */,
				CFAE4E6519ED5F2B00AB9735 /* UIKit.framework in Frameworks */,
				CFAE4E6419ED5F2B00AB9735 /* Foundation.framework in Frameworks */,
			);
			runOnlyForDeploymentPostprocessing = 0;
		};
/* End PBXFrameworksBuildPhase section */

/* Begin PBXGroup section */
		CFAE4E3D19ED5F2B00AB9735 = {
			isa = PBXGroup;
			children = (
				CFD9F91A19F00DFD0090F3DA /* images */,
				CFAE4E7919ED5F8D00AB9735 /* BusinessLogicLayer */,
				CFAE4E7819ED5F4A00AB9735 /* PersistenceLayer */,
				CFAE4E4F19ED5F2B00AB9735 /* PresentationLayer */,
				CFAE4E4819ED5F2B00AB9735 /* Frameworks */,
				CFAE4E4719ED5F2B00AB9735 /* Products */,
			);
			sourceTree = "<group>";
		};
		CFAE4E4719ED5F2B00AB9735 /* Products */ = {
			isa = PBXGroup;
			children = (
				CFAE4E4619ED5F2B00AB9735 /* NoteBook.app */,
				CFAE4E6119ED5F2B00AB9735 /* NoteBookTests.xctest */,
			);
			name = Products;
			sourceTree = "<group>";
		};
		CFAE4E4819ED5F2B00AB9735 /* Frameworks */ = {
			isa = PBXGroup;
			children = (
				CFAE4E4919ED5F2B00AB9735 /* Foundation.framework */,
				CFAE4E4B19ED5F2B00AB9735 /* CoreGraphics.framework */,
				CFAE4E4D19ED5F2B00AB9735 /* UIKit.framework */,
				CFAE4E6219ED5F2B00AB9735 /* XCTest.framework */,
			);
			name = Frameworks;
			sourceTree = "<group>";
		};
		CFAE4E4F19ED5F2B00AB9735 /* PresentationLayer */ = {
			isa = PBXGroup;
			children = (
				CF5F2C9819EFFA5D001E9B8E /* NoteCellTableViewCell.h */,
				CF5F2C9919EFFA5D001E9B8E /* NoteCellTableViewCell.m */,
				CFAE4E8D19ED70BD00AB9735 /* DetailViewController.h */,
				CFAE4E8E19ED70BD00AB9735 /* DetailViewController.m */,
				CFAE4E8A19ED707E00AB9735 /* AddViewController.h */,
				CFAE4E8B19ED707E00AB9735 /* AddViewController.m */,
				CFAE4E8719ED6ECF00AB9735 /* MasterViewController.h */,
				CFAE4E8819ED6ECF00AB9735 /* MasterViewController.m */,
				CFAE4E8519ED683100AB9735 /* MainStoryboard_IPhone.storyboard */,
				CFAE4E5819ED5F2B00AB9735 /* AppDelegate.h */,
				CFAE4E5919ED5F2B00AB9735 /* AppDelegate.m */,
				CFAE4E5B19ED5F2B00AB9735 /* Images.xcassets */,
				CFAE4E5019ED5F2B00AB9735 /* Supporting Files */,
			);
			name = PresentationLayer;
			path = NoteBook;
			sourceTree = "<group>";
		};
		CFAE4E5019ED5F2B00AB9735 /* Supporting Files */ = {
			isa = PBXGroup;
			children = (
				CFAE4E5119ED5F2B00AB9735 /* NoteBook-Info.plist */,
				CFAE4E5219ED5F2B00AB9735 /* InfoPlist.strings */,
				CFAE4E5519ED5F2B00AB9735 /* main.m */,
				CFAE4E5719ED5F2B00AB9735 /* NoteBook-Prefix.pch */,
			);
			name = "Supporting Files";
			sourceTree = "<group>";
		};
		CFAE4E7819ED5F4A00AB9735 /* PersistenceLayer */ = {
			isa = PBXGroup;
			children = (
				CFAE4E7B19ED5FF000AB9735 /* domain */,
				CFAE4E7A19ED5F9F00AB9735 /* dao */,
			);
			name = PersistenceLayer;
			sourceTree = "<group>";
		};
		CFAE4E7919ED5F8D00AB9735 /* BusinessLogicLayer */ = {
			isa = PBXGroup;
			children = (
				CFAE4E9019ED829A00AB9735 /* NoteBL.h */,
				CFAE4E9119ED829A00AB9735 /* NoteBL.m */,
			);
			name = BusinessLogicLayer;
			sourceTree = "<group>";
		};
		CFAE4E7A19ED5F9F00AB9735 /* dao */ = {
			isa = PBXGroup;
			children = (
				CFAE4E8219ED606700AB9735 /* NoteDAO.h */,
				CFAE4E8319ED606700AB9735 /* NoteDAO.m */,
			);
			name = dao;
			sourceTree = "<group>";
		};
		CFAE4E7B19ED5FF000AB9735 /* domain */ = {
			isa = PBXGroup;
			children = (
				CFAE4E7F19ED605300AB9735 /* Note.h */,
				CFAE4E8019ED605300AB9735 /* Note.m */,
			);
			name = domain;
			sourceTree = "<group>";
		};
		CFD9F91A19F00DFD0090F3DA /* images */ = {
			isa = PBXGroup;
			children = (
				CFD9F91B19F00DFD0090F3DA /* statusinfo.plist */,
				CFD9F91C19F00DFD0090F3DA /* touxiang1.png */,
				CFD9F91D19F00DFD0090F3DA /* touxiang2.png */,
				CFD9F91E19F00DFD0090F3DA /* touxiang3.png */,
				CFD9F91F19F00DFD0090F3DA /* touxiang4.png */,
				CFD9F92019F00DFD0090F3DA /* touxiang5.png */,
				CFD9F92119F00DFD0090F3DA /* vip.png */,
				CFD9F92219F00DFD0090F3DA /* vip1.png */,
			);
			path = images;
			sourceTree = "<group>";
		};
/* End PBXGroup section */

/* Begin PBXNativeTarget section */
		CFAE4E4519ED5F2B00AB9735 /* NoteBook */ = {
			isa = PBXNativeTarget;
			buildConfigurationList = CFAE4E7219ED5F2B00AB9735 /* Build configuration list for PBXNativeTarget "NoteBook" */;
			buildPhases = (
				CFAE4E4219ED5F2B00AB9735 /* Sources */,
				CFAE4E4319ED5F2B00AB9735 /* Frameworks */,
				CFAE4E4419ED5F2B00AB9735 /* Resources */,
			);
			buildRules = (
			);
			dependencies = (
			);
			name = NoteBook;
			productName = NoteBook;
			productReference = CFAE4E4619ED5F2B00AB9735 /* NoteBook.app */;
			productType = "com.apple.product-type.application";
		};
		CFAE4E6019ED5F2B00AB9735 /* NoteBookTests */ = {
			isa = PBXNativeTarget;
			buildConfigurationList = CFAE4E7519ED5F2B00AB9735 /* Build configuration list for PBXNativeTarget "NoteBookTests" */;
			buildPhases = (
				CFAE4E5D19ED5F2B00AB9735 /* Sources */,
				CFAE4E5E19ED5F2B00AB9735 /* Frameworks */,
				CFAE4E5F19ED5F2B00AB9735 /* Resources */,
			);
			buildRules = (
			);
			dependencies = (
				CFAE4E6719ED5F2B00AB9735 /* PBXTargetDependency */,
			);
			name = NoteBookTests;
			productName = NoteBookTests;
			productReference = CFAE4E6119ED5F2B00AB9735 /* NoteBookTests.xctest */;
			productType = "com.apple.product-type.bundle.unit-test";
		};
/* End PBXNativeTarget section */

/* Begin PBXProject section */
		CFAE4E3E19ED5F2B00AB9735 /* Project object */ = {
			isa = PBXProject;
			attributes = {
				LastUpgradeCheck = 0510;
				ORGANIZATIONNAME = tom;
				TargetAttributes = {
					CFAE4E6019ED5F2B00AB9735 = {
						TestTargetID = CFAE4E4519ED5F2B00AB9735;
					};
				};
			};
			buildConfigurationList = CFAE4E4119ED5F2B00AB9735 /* Build configuration list for PBXProject "NoteBook" */;
			compatibilityVersion = "Xcode 3.2";
			developmentRegion = English;
			hasScannedForEncodings = 0;
			knownRegions = (
				en,
			);
			mainGroup = CFAE4E3D19ED5F2B00AB9735;
			productRefGroup = CFAE4E4719ED5F2B00AB9735 /* Products */;
			projectDirPath = "";
			projectRoot = "";
			targets = (
				CFAE4E4519ED5F2B00AB9735 /* NoteBook */,
				CFAE4E6019ED5F2B00AB9735 /* NoteBookTests */,
			);
		};
/* End PBXProject section */

/* Begin PBXResourcesBuildPhase section */
		CFAE4E4419ED5F2B00AB9735 /* Resources */ = {
			isa = PBXResourcesBuildPhase;
			buildActionMask = 2147483647;
			files = (
				CFAE4E5419ED5F2B00AB9735 /* InfoPlist.strings in Resources */,
				CFAE4E8619ED683100AB9735 /* MainStoryboard_IPhone.storyboard in Resources */,
				CFD9F92319F00DFD0090F3DA /* statusinfo.plist in Resources */,
				CFD9F92719F00DFD0090F3DA /* touxiang4.png in Resources */,
				CFD9F92619F00DFD0090F3DA /* touxiang3.png in Resources */,
				CFD9F92519F00DFD0090F3DA /* touxiang2.png in Resources */,
				CFD9F92819F00DFD0090F3DA /* touxiang5.png in Resources */,
				CFD9F92919F00DFD0090F3DA /* vip.png in Resources */,
				CFAE4E5C19ED5F2B00AB9735 /* Images.xcassets in Resources */,
				CFD9F92A19F00DFD0090F3DA /* vip1.png in Resources */,
				CFD9F92419F00DFD0090F3DA /* touxiang1.png in Resources */,
			);
			runOnlyForDeploymentPostprocessing = 0;
		};
		CFAE4E5F19ED5F2B00AB9735 /* Resources */ = {
			isa = PBXResourcesBuildPhase;
			buildActionMask = 2147483647;
			files = (
			);
			runOnlyForDeploymentPostprocessing = 0;
		};
/* End PBXResourcesBuildPhase section */

/* Begin PBXSourcesBuildPhase section */
		CFAE4E4219ED5F2B00AB9735 /* Sources */ = {
			isa = PBXSourcesBuildPhase;
			buildActionMask = 2147483647;
			files = (
				CFAE4E5A19ED5F2B00AB9735 /* AppDelegate.m in Sources */,
				CFAE4E5619ED5F2B00AB9735 /* main.m in Sources */,
				CFAE4E8C19ED707E00AB9735 /* AddViewController.m in Sources */,
				CFAE4E8919ED6ECF00AB9735 /* MasterViewController.m in Sources */,
				CFAE4E8419ED606700AB9735 /* NoteDAO.m in Sources */,
				CFAE4E8119ED605300AB9735 /* Note.m in Sources */,
				CF5F2C9A19EFFA5D001E9B8E /* NoteCellTableViewCell.m in Sources */,
				CFAE4E8F19ED70BD00AB9735 /* DetailViewController.m in Sources */,
				CFAE4E9219ED829A00AB9735 /* NoteBL.m in Sources */,
			);
			runOnlyForDeploymentPostprocessing = 0;
		};
		CFAE4E5D19ED5F2B00AB9735 /* Sources */ = {
			isa = PBXSourcesBuildPhase;
			buildActionMask = 2147483647;
			files = (
			);
			runOnlyForDeploymentPostprocessing = 0;
		};
/* End PBXSourcesBuildPhase section */

/* Begin PBXTargetDependency section */
		CFAE4E6719ED5F2B00AB9735 /* PBXTargetDependency */ = {
			isa = PBXTargetDependency;
			target = CFAE4E4519ED5F2B00AB9735 /* NoteBook */;
			targetProxy = CFAE4E6619ED5F2B00AB9735 /* PBXContainerItemProxy */;
		};
/* End PBXTargetDependency section */

/* Begin PBXVariantGroup section */
		CFAE4E5219ED5F2B00AB9735 /* InfoPlist.strings */ = {
			isa = PBXVariantGroup;
			children = (
				CFAE4E5319ED5F2B00AB9735 /* en */,
			);
			name = InfoPlist.strings;
			sourceTree = "<group>";
		};
/* End PBXVariantGroup section */

/* Begin XCBuildConfiguration section */
		CFAE4E7019ED5F2B00AB9735 /* Debug */ = {
			isa = XCBuildConfiguration;
			buildSettings = {
				ALWAYS_SEARCH_USER_PATHS = NO;
				CLANG_CXX_LANGUAGE_STANDARD = "gnu++0x";
				CLANG_CXX_LIBRARY = "libc++";
				CLANG_ENABLE_MODULES = YES;
				CLANG_ENABLE_OBJC_ARC = YES;
				CLANG_WARN_BOOL_CONVERSION = YES;
				CLANG_WARN_CONSTANT_CONVERSION = YES;
				CLANG_WARN_DIRECT_OBJC_ISA_USAGE = YES_ERROR;
				CLANG_WARN_EMPTY_BODY = YES;
				CLANG_WARN_ENUM_CONVERSION = YES;
				CLANG_WARN_INT_CONVERSION = YES;
				CLANG_WARN_OBJC_ROOT_CLASS = YES_ERROR;
				CLANG_WARN__DUPLICATE_METHOD_MATCH = YES;
				"CODE_SIGN_IDENTITY[sdk=iphoneos*]" = "iPhone Developer";
				COPY_PHASE_STRIP = NO;
				GCC_C_LANGUAGE_STANDARD = gnu99;
				GCC_DYNAMIC_NO_PIC = NO;
				GCC_OPTIMIZATION_LEVEL = 0;
				GCC_PREPROCESSOR_DEFINITIONS = (
					"DEBUG=1",
					"$(inherited)",
				);
				GCC_SYMBOLS_PRIVATE_EXTERN = NO;
				GCC_WARN_64_TO_32_BIT_CONVERSION = YES;
				GCC_WARN_ABOUT_RETURN_TYPE = YES_ERROR;
				GCC_WARN_UNDECLARED_SELECTOR = YES;
				GCC_WARN_UNINITIALIZED_AUTOS = YES_AGGRESSIVE;
				GCC_WARN_UNUSED_FUNCTION = YES;
				GCC_WARN_UNUSED_VARIABLE = YES;
				IPHONEOS_DEPLOYMENT_TARGET = 7.1;
				ONLY_ACTIVE_ARCH = YES;
				SDKROOT = iphoneos;
			};
			name = Debug;
		};
		CFAE4E7119ED5F2B00AB9735 /* Release */ = {
			isa = XCBuildConfiguration;
			buildSettings = {
				ALWAYS_SEARCH_USER_PATHS = NO;
				CLANG_CXX_LANGUAGE_STANDARD = "gnu++0x";
				CLANG_CXX_LIBRARY = "libc++";
				CLANG_ENABLE_MODULES = YES;
				CLANG_ENABLE_OBJC_ARC = YES;
				CLANG_WARN_BOOL_CONVERSION = YES;
				CLANG_WARN_CONSTANT_CONVERSION = YES;
				CLANG_WARN_DIRECT_OBJC_ISA_USAGE = YES_ERROR;
				CLANG_WARN_EMPTY_BODY = YES;
				CLANG_WARN_ENUM_CONVERSION = YES;
				CLANG_WARN_INT_CONVERSION = YES;
				CLANG_WARN_OBJC_ROOT_CLASS = YES_ERROR;
				CLANG_WARN__DUPLICATE_METHOD_MATCH = YES;
				"CODE_SIGN_IDENTITY[sdk=iphoneos*]" = "iPhone Developer";
				COPY_PHASE_STRIP = YES;
				ENABLE_NS_ASSERTIONS = NO;
				GCC_C_LANGUAGE_STANDARD = gnu99;
				GCC_WARN_64_TO_32_BIT_CONVERSION = YES;
				GCC_WARN_ABOUT_RETURN_TYPE = YES_ERROR;
				GCC_WARN_UNDECLARED_SELECTOR = YES;
				GCC_WARN_UNINITIALIZED_AUTOS = YES_AGGRESSIVE;
				GCC_WARN_UNUSED_FUNCTION = YES;
				GCC_WARN_UNUSED_VARIABLE = YES;
				IPHONEOS_DEPLOYMENT_TARGET = 7.1;
				SDKROOT = iphoneos;
				VALIDATE_PRODUCT = YES;
			};
			name = Release;
		};
		CFAE4E7319ED5F2B00AB9735 /* Debug */ = {
			isa = XCBuildConfiguration;
			buildSettings = {
				ASSETCATALOG_COMPILER_APPICON_NAME = AppIcon;
				ASSETCATALOG_COMPILER_LAUNCHIMAGE_NAME = LaunchImage;
				CODE_SIGN_IDENTITY = "iPhone Developer";
				GCC_PRECOMPILE_PREFIX_HEADER = YES;
				GCC_PREFIX_HEADER = "NoteBook/NoteBook-Prefix.pch";
				INFOPLIST_FILE = "NoteBook/NoteBook-Info.plist";
				PRODUCT_NAME = "$(TARGET_NAME)";
				WRAPPER_EXTENSION = app;
			};
			name = Debug;
		};
		CFAE4E7419ED5F2B00AB9735 /* Release */ = {
			isa = XCBuildConfiguration;
			buildSettings = {
				ASSETCATALOG_COMPILER_APPICON_NAME = AppIcon;
				ASSETCATALOG_COMPILER_LAUNCHIMAGE_NAME = LaunchImage;
				CODE_SIGN_IDENTITY = "iPhone Developer";
				GCC_PRECOMPILE_PREFIX_HEADER = YES;
				GCC_PREFIX_HEADER = "NoteBook/NoteBook-Prefix.pch";
				INFOPLIST_FILE = "NoteBook/NoteBook-Info.plist";
				PRODUCT_NAME = "$(TARGET_NAME)";
				WRAPPER_EXTENSION = app;
			};
			name = Release;
		};
		CFAE4E7619ED5F2B00AB9735 /* Debug */ = {
			isa = XCBuildConfiguration;
			buildSettings = {
				BUNDLE_LOADER = "$(BUILT_PRODUCTS_DIR)/NoteBook.app/NoteBook";
				FRAMEWORK_SEARCH_PATHS = (
					"$(SDKROOT)/Developer/Library/Frameworks",
					"$(inherited)",
					"$(DEVELOPER_FRAMEWORKS_DIR)",
				);
				GCC_PRECOMPILE_PREFIX_HEADER = YES;
				GCC_PREFIX_HEADER = "NoteBook/NoteBook-Prefix.pch";
				GCC_PREPROCESSOR_DEFINITIONS = (
					"DEBUG=1",
					"$(inherited)",
				);
				INFOPLIST_FILE = "NoteBookTests/NoteBookTests-Info.plist";
				PRODUCT_NAME = "$(TARGET_NAME)";
				TEST_HOST = "$(BUNDLE_LOADER)";
				WRAPPER_EXTENSION = xctest;
			};
			name = Debug;
		};
		CFAE4E7719ED5F2B00AB9735 /* Release */ = {
			isa = XCBuildConfiguration;
			buildSettings = {
				BUNDLE_LOADER = "$(BUILT_PRODUCTS_DIR)/NoteBook.app/NoteBook";
				FRAMEWORK_SEARCH_PATHS = (
					"$(SDKROOT)/Developer/Library/Frameworks",
					"$(inherited)",
					"$(DEVELOPER_FRAMEWORKS_DIR)",
				);
				GCC_PRECOMPILE_PREFIX_HEADER = YES;
				GCC_PREFIX_HEADER = "NoteBook/NoteBook-Prefix.pch";
				INFOPLIST_FILE = "NoteBookTests/NoteBookTests-Info.plist";
				PRODUCT_NAME = "$(TARGET_NAME)";
				TEST_HOST = "$(BUNDLE_LOADER)";
				WRAPPER_EXTENSION = xctest;
			};
			name = Release;
		};
/* End XCBuildConfiguration section */

/* Begin XCConfigurationList section */
		CFAE4E4119ED5F2B00AB9735 /* Build configuration list for PBXProject "NoteBook" */ = {
			isa = XCConfigurationList;
			buildConfigurations = (
				CFAE4E7019ED5F2B00AB9735 /* Debug */,
				CFAE4E7119ED5F2B00AB9735 /* Release */,
			);
			defaultConfigurationIsVisible = 0;
			defaultConfigurationName = Release;
		};
		CFAE4E7219ED5F2B00AB9735 /* Build configuration list for PBXNativeTarget "NoteBook" */ = {
			isa = XCConfigurationList;
			buildConfigurations = (
				CFAE4E7319ED5F2B00AB9735 /* Debug */,
				CFAE4E7419ED5F2B00AB9735 /* Release */,
			);
			defaultConfigurationIsVisible = 0;
			defaultConfigurationName = Release;
		};
		CFAE4E7519ED5F2B00AB9735 /* Build configuration list for PBXNativeTarget "NoteBookTests" */ = {
			isa = XCConfigurationList;
			buildConfigurations = (
				CFAE4E7619ED5F2B00AB9735 /* Debug */,
				CFAE4E7719ED5F2B00AB9735 /* Release */,
			);
			defaultConfigurationIsVisible = 0;
			defaultConfigurationName = Release;
		};
/* End XCConfigurationList section */
	};
	rootObject = CFAE4E3E19ED5F2B00AB9735 /* Project object */;
}
